
Microsoft Visual Studio Solution File, Format Version 12.00
# Visual Studio Version 17
VisualStudioVersion = 17.13.35825.156
MinimumVisualStudioVersion = 10.0.40219.1
Project("{FAE04EC0-301F-11D3-BF4B-00C04F79EFBC}") = "SigmaStats", "SigmaStats\SigmaStats.csproj", "{548893BE-A687-48E7-8A35-7FB9ABD7A2B9}"
EndProject
Project("{FAE04EC0-301F-11D3-BF4B-00C04F79EFBC}") = "SigmApi", "SigmApi\SigmApi.csproj", "{1FC72426-2378-4B8B-AD39-B64C4C5D5901}"
EndProject
Global
	GlobalSection(SolutionConfigurationPlatforms) = preSolution
		Debug|Any CPU = Debug|Any CPU
		Release|Any CPU = Release|Any CPU
	EndGlobalSection
	GlobalSection(ProjectConfigurationPlatforms) = postSolution
		{548893BE-A687-48E7-8A35-7FB9ABD7A2B9}.Debug|Any CPU.ActiveCfg = Debug|Any CPU
		{548893BE-A687-48E7-8A35-7FB9ABD7A2B9}.Debug|Any CPU.Build.0 = Debug|Any CPU
		{548893BE-A687-48E7-8A35-7FB9ABD7A2B9}.Release|Any CPU.ActiveCfg = Release|Any CPU
		{548893BE-A687-48E7-8A35-7FB9ABD7A2B9}.Release|Any CPU.Build.0 = Release|Any CPU
		{1FC72426-2378-4B8B-AD39-B64C4C5D5901}.Debug|Any CPU.ActiveCfg = Debug|Any CPU
		{1FC72426-2378-4B8B-AD39-B64C4C5D5901}.Debug|Any CPU.Build.0 = Debug|Any CPU
		{1FC72426-2378-4B8B-AD39-B64C4C5D5901}.Release|Any CPU.ActiveCfg = Release|Any CPU
		{1FC72426-2378-4B8B-AD39-B64C4C5D5901}.Release|Any CPU.Build.0 = Release|Any CPU
	EndGlobalSection
	GlobalSection(SolutionProperties) = preSolution
		HideSolutionNode = FALSE
	EndGlobalSection
	GlobalSection(ExtensibilityGlobals) = postSolution
		SolutionGuid = {9861F616-18A7-4F11-AE63-34D1FE45DAF3}
	EndGlobalSection
EndGlobal
